
Microsoft Visual Studio Solution File, Format Version 12.00
# Visual Studio Version 17
VisualStudioVersion = 17.7.34018.315
MinimumVisualStudioVersion = 10.0.40219.1
Project("{FAE04EC0-301F-11D3-BF4B-00C04F79EFBC}") = "Metodos", "Metodos.csproj", "{A14DF953-5558-4474-A0B8-E2AFFDF14ADE}"
EndProject
Project("{FAE04EC0-301F-11D3-BF4B-00C04F79EFBC}") = "Metodos_02", "..\Metodos_02\Metodos_02.csproj", "{93978298-CAAD-4D4C-9888-3ACF7CDBCFDF}"
EndProject
Global
	GlobalSection(SolutionConfigurationPlatforms) = preSolution
		Debug|Any CPU = Debug|Any CPU
		Release|Any CPU = Release|Any CPU
	EndGlobalSection
	GlobalSection(ProjectConfigurationPlatforms) = postSolution
		{A14DF953-5558-4474-A0B8-E2AFFDF14ADE}.Debug|Any CPU.ActiveCfg = Debug|Any CPU
		{A14DF953-5558-4474-A0B8-E2AFFDF14ADE}.Debug|Any CPU.Build.0 = Debug|Any CPU
		{A14DF953-5558-4474-A0B8-E2AFFDF14ADE}.Release|Any CPU.ActiveCfg = Release|Any CPU
		{A14DF953-5558-4474-A0B8-E2AFFDF14ADE}.Release|Any CPU.Build.0 = Release|Any CPU
		{93978298-CAAD-4D4C-9888-3ACF7CDBCFDF}.Debug|Any CPU.ActiveCfg = Debug|Any CPU
		{93978298-CAAD-4D4C-9888-3ACF7CDBCFDF}.Debug|Any CPU.Build.0 = Debug|Any CPU
		{93978298-CAAD-4D4C-9888-3ACF7CDBCFDF}.Release|Any CPU.ActiveCfg = Release|Any CPU
		{93978298-CAAD-4D4C-9888-3ACF7CDBCFDF}.Release|Any CPU.Build.0 = Release|Any CPU
	EndGlobalSection
	GlobalSection(SolutionProperties) = preSolution
		HideSolutionNode = FALSE
	EndGlobalSection
	GlobalSection(ExtensibilityGlobals) = postSolution
		SolutionGuid = {653D563B-ED6C-4A5B-994E-3F3F8BCC0FFC}
	EndGlobalSection
EndGlobal
