
Microsoft Visual Studio Solution File, Format Version 12.00
# Visual Studio Version 17
VisualStudioVersion = 17.6.33815.320
MinimumVisualStudioVersion = 10.0.40219.1
Project("{FAE04EC0-301F-11D3-BF4B-00C04F79EFBC}") = "Atividade_01.1", "Atividade_01.1.csproj", "{1C5B37D7-4AF5-4081-8F45-638014C4211A}"
EndProject
Project("{FAE04EC0-301F-11D3-BF4B-00C04F79EFBC}") = "Atividade_02", "..\Atividade_02\Atividade_02.csproj", "{B17FF327-861B-4188-8CB4-03B6BF717DD1}"
EndProject
Project("{FAE04EC0-301F-11D3-BF4B-00C04F79EFBC}") = "Atividade_03", "..\Atividade_03\Atividade_03.csproj", "{FBAE989F-874F-4524-8B57-C9263F74D936}"
EndProject
Project("{FAE04EC0-301F-11D3-BF4B-00C04F79EFBC}") = "Atividade_04", "..\Atividade_04\Atividade_04.csproj", "{89DAC564-D9E8-4347-A4AE-F5925E7D5BC2}"
EndProject
Global
	GlobalSection(SolutionConfigurationPlatforms) = preSolution
		Debug|Any CPU = Debug|Any CPU
		Release|Any CPU = Release|Any CPU
	EndGlobalSection
	GlobalSection(ProjectConfigurationPlatforms) = postSolution
		{1C5B37D7-4AF5-4081-8F45-638014C4211A}.Debug|Any CPU.ActiveCfg = Debug|Any CPU
		{1C5B37D7-4AF5-4081-8F45-638014C4211A}.Debug|Any CPU.Build.0 = Debug|Any CPU
		{1C5B37D7-4AF5-4081-8F45-638014C4211A}.Release|Any CPU.ActiveCfg = Release|Any CPU
		{1C5B37D7-4AF5-4081-8F45-638014C4211A}.Release|Any CPU.Build.0 = Release|Any CPU
		{B17FF327-861B-4188-8CB4-03B6BF717DD1}.Debug|Any CPU.ActiveCfg = Debug|Any CPU
		{B17FF327-861B-4188-8CB4-03B6BF717DD1}.Debug|Any CPU.Build.0 = Debug|Any CPU
		{B17FF327-861B-4188-8CB4-03B6BF717DD1}.Release|Any CPU.ActiveCfg = Release|Any CPU
		{B17FF327-861B-4188-8CB4-03B6BF717DD1}.Release|Any CPU.Build.0 = Release|Any CPU
		{FBAE989F-874F-4524-8B57-C9263F74D936}.Debug|Any CPU.ActiveCfg = Debug|Any CPU
		{FBAE989F-874F-4524-8B57-C9263F74D936}.Debug|Any CPU.Build.0 = Debug|Any CPU
		{FBAE989F-874F-4524-8B57-C9263F74D936}.Release|Any CPU.ActiveCfg = Release|Any CPU
		{FBAE989F-874F-4524-8B57-C9263F74D936}.Release|Any CPU.Build.0 = Release|Any CPU
		{89DAC564-D9E8-4347-A4AE-F5925E7D5BC2}.Debug|Any CPU.ActiveCfg = Debug|Any CPU
		{89DAC564-D9E8-4347-A4AE-F5925E7D5BC2}.Debug|Any CPU.Build.0 = Debug|Any CPU
		{89DAC564-D9E8-4347-A4AE-F5925E7D5BC2}.Release|Any CPU.ActiveCfg = Release|Any CPU
		{89DAC564-D9E8-4347-A4AE-F5925E7D5BC2}.Release|Any CPU.Build.0 = Release|Any CPU
	EndGlobalSection
	GlobalSection(SolutionProperties) = preSolution
		HideSolutionNode = FALSE
	EndGlobalSection
	GlobalSection(ExtensibilityGlobals) = postSolution
		SolutionGuid = {103B547D-4B7A-4727-9B68-686B4798C878}
	EndGlobalSection
EndGlobal
