
Microsoft Visual Studio Solution File, Format Version 12.00
# Visual Studio Version 17
VisualStudioVersion = 17.6.33815.320
MinimumVisualStudioVersion = 10.0.40219.1
Project("{FAE04EC0-301F-11D3-BF4B-00C04F79EFBC}") = "HelloWorld", "HelloWorld.csproj", "{351BB267-7F5D-435A-BFF4-81F1CEABDD52}"
EndProject
Global
	GlobalSection(SolutionConfigurationPlatforms) = preSolution
		Debug|Any CPU = Debug|Any CPU
		Release|Any CPU = Release|Any CPU
	EndGlobalSection
	GlobalSection(ProjectConfigurationPlatforms) = postSolution
		{351BB267-7F5D-435A-BFF4-81F1CEABDD52}.Debug|Any CPU.ActiveCfg = Debug|Any CPU
		{351BB267-7F5D-435A-BFF4-81F1CEABDD52}.Debug|Any CPU.Build.0 = Debug|Any CPU
		{351BB267-7F5D-435A-BFF4-81F1CEABDD52}.Release|Any CPU.ActiveCfg = Release|Any CPU
		{351BB267-7F5D-435A-BFF4-81F1CEABDD52}.Release|Any CPU.Build.0 = Release|Any CPU
	EndGlobalSection
	GlobalSection(SolutionProperties) = preSolution
		HideSolutionNode = FALSE
	EndGlobalSection
	GlobalSection(ExtensibilityGlobals) = postSolution
		SolutionGuid = {C81B4EFB-A4CD-4395-8231-F75AEAC11036}
	EndGlobalSection
EndGlobal
