
Microsoft Visual Studio Solution File, Format Version 12.00
# Visual Studio Version 17
VisualStudioVersion = 17.6.33815.320
MinimumVisualStudioVersion = 10.0.40219.1
Project("{9A19103F-16F7-4668-BE54-9A1E7A4F7556}") = "Vetores", "Vetores.csproj", "{4BEE32FC-EC68-4352-B02B-39A3E2E9866E}"
EndProject
Project("{9A19103F-16F7-4668-BE54-9A1E7A4F7556}") = "Matrizes", "..\Matrizes\Matrizes.csproj", "{B5CDC8AE-B6C5-49D0-B2A9-62E045398AC3}"
EndProject
Project("{FAE04EC0-301F-11D3-BF4B-00C04F79EFBC}") = "Exercicio_01", "..\Exercicio_01\Exercicio_01.csproj", "{429F8FBC-593E-4288-BB12-62B8C59F04A4}"
EndProject
Project("{FAE04EC0-301F-11D3-BF4B-00C04F79EFBC}") = "Exercicio_03", "..\Exercicio_03\Exercicio_03.csproj", "{912AC78B-D23E-4FDA-A8A6-CA4CDD6643FA}"
EndProject
Global
	GlobalSection(SolutionConfigurationPlatforms) = preSolution
		Debug|Any CPU = Debug|Any CPU
		Release|Any CPU = Release|Any CPU
	EndGlobalSection
	GlobalSection(ProjectConfigurationPlatforms) = postSolution
		{4BEE32FC-EC68-4352-B02B-39A3E2E9866E}.Debug|Any CPU.ActiveCfg = Debug|Any CPU
		{4BEE32FC-EC68-4352-B02B-39A3E2E9866E}.Debug|Any CPU.Build.0 = Debug|Any CPU
		{4BEE32FC-EC68-4352-B02B-39A3E2E9866E}.Release|Any CPU.ActiveCfg = Release|Any CPU
		{4BEE32FC-EC68-4352-B02B-39A3E2E9866E}.Release|Any CPU.Build.0 = Release|Any CPU
		{B5CDC8AE-B6C5-49D0-B2A9-62E045398AC3}.Debug|Any CPU.ActiveCfg = Debug|Any CPU
		{B5CDC8AE-B6C5-49D0-B2A9-62E045398AC3}.Debug|Any CPU.Build.0 = Debug|Any CPU
		{B5CDC8AE-B6C5-49D0-B2A9-62E045398AC3}.Release|Any CPU.ActiveCfg = Release|Any CPU
		{B5CDC8AE-B6C5-49D0-B2A9-62E045398AC3}.Release|Any CPU.Build.0 = Release|Any CPU
		{429F8FBC-593E-4288-BB12-62B8C59F04A4}.Debug|Any CPU.ActiveCfg = Debug|Any CPU
		{429F8FBC-593E-4288-BB12-62B8C59F04A4}.Debug|Any CPU.Build.0 = Debug|Any CPU
		{429F8FBC-593E-4288-BB12-62B8C59F04A4}.Release|Any CPU.ActiveCfg = Release|Any CPU
		{429F8FBC-593E-4288-BB12-62B8C59F04A4}.Release|Any CPU.Build.0 = Release|Any CPU
		{912AC78B-D23E-4FDA-A8A6-CA4CDD6643FA}.Debug|Any CPU.ActiveCfg = Debug|Any CPU
		{912AC78B-D23E-4FDA-A8A6-CA4CDD6643FA}.Debug|Any CPU.Build.0 = Debug|Any CPU
		{912AC78B-D23E-4FDA-A8A6-CA4CDD6643FA}.Release|Any CPU.ActiveCfg = Release|Any CPU
		{912AC78B-D23E-4FDA-A8A6-CA4CDD6643FA}.Release|Any CPU.Build.0 = Release|Any CPU
	EndGlobalSection
	GlobalSection(SolutionProperties) = preSolution
		HideSolutionNode = FALSE
	EndGlobalSection
	GlobalSection(ExtensibilityGlobals) = postSolution
		SolutionGuid = {FD4D5C76-F822-4D67-8EA5-086A948CF389}
	EndGlobalSection
EndGlobal
